
Microsoft Visual Studio Solution File, Format Version 12.00
# Visual Studio Version 16
VisualStudioVersion = 16.0.31205.134
MinimumVisualStudioVersion = 10.0.40219.1
Project("{FAE04EC0-301F-11D3-BF4B-00C04F79EFBC}") = "TennisProject", "TennisProject\TennisProject.csproj", "{80882470-A88A-47F5-B829-19EEFA5FA177}"
EndProject
Project("{FAE04EC0-301F-11D3-BF4B-00C04F79EFBC}") = "TennisProjectTests", "TennisProjectTests\TennisProjectTests.csproj", "{BADD4AB1-C179-427B-AFF6-88794CF5D4B0}"
EndProject
Global
	GlobalSection(SolutionConfigurationPlatforms) = preSolution
		Debug|Any CPU = Debug|Any CPU
		Release|Any CPU = Release|Any CPU
	EndGlobalSection
	GlobalSection(ProjectConfigurationPlatforms) = postSolution
		{80882470-A88A-47F5-B829-19EEFA5FA177}.Debug|Any CPU.ActiveCfg = Debug|Any CPU
		{80882470-A88A-47F5-B829-19EEFA5FA177}.Debug|Any CPU.Build.0 = Debug|Any CPU
		{80882470-A88A-47F5-B829-19EEFA5FA177}.Release|Any CPU.ActiveCfg = Release|Any CPU
		{80882470-A88A-47F5-B829-19EEFA5FA177}.Release|Any CPU.Build.0 = Release|Any CPU
		{BADD4AB1-C179-427B-AFF6-88794CF5D4B0}.Debug|Any CPU.ActiveCfg = Debug|Any CPU
		{BADD4AB1-C179-427B-AFF6-88794CF5D4B0}.Debug|Any CPU.Build.0 = Debug|Any CPU
		{BADD4AB1-C179-427B-AFF6-88794CF5D4B0}.Release|Any CPU.ActiveCfg = Release|Any CPU
		{BADD4AB1-C179-427B-AFF6-88794CF5D4B0}.Release|Any CPU.Build.0 = Release|Any CPU
	EndGlobalSection
	GlobalSection(SolutionProperties) = preSolution
		HideSolutionNode = FALSE
	EndGlobalSection
	GlobalSection(ExtensibilityGlobals) = postSolution
		SolutionGuid = {CB822984-4C42-4C41-A3FC-FF9BC1232F86}
	EndGlobalSection
EndGlobal
